
Microsoft Visual Studio Solution File, Format Version 12.00
# Visual Studio Version 17
VisualStudioVersion = 17.3.32825.248
MinimumVisualStudioVersion = 10.0.40219.1
Project("{FAE04EC0-301F-11D3-BF4B-00C04F79EFBC}") = "EnoReg", "EnoReg\EnoReg.csproj", "{F56C7F3D-B8D4-4258-91B3-529C08C9795F}"
EndProject
Global
	GlobalSection(SolutionConfigurationPlatforms) = preSolution
		Debug|Any CPU = Debug|Any CPU
		Release|Any CPU = Release|Any CPU
	EndGlobalSection
	GlobalSection(ProjectConfigurationPlatforms) = postSolution
		{F56C7F3D-B8D4-4258-91B3-529C08C9795F}.Debug|Any CPU.ActiveCfg = Debug|Any CPU
		{F56C7F3D-B8D4-4258-91B3-529C08C9795F}.Debug|Any CPU.Build.0 = Debug|Any CPU
		{F56C7F3D-B8D4-4258-91B3-529C08C9795F}.Release|Any CPU.ActiveCfg = Release|Any CPU
		{F56C7F3D-B8D4-4258-91B3-529C08C9795F}.Release|Any CPU.Build.0 = Release|Any CPU
	EndGlobalSection
	GlobalSection(SolutionProperties) = preSolution
		HideSolutionNode = FALSE
	EndGlobalSection
	GlobalSection(ExtensibilityGlobals) = postSolution
		SolutionGuid = {06301A93-B8BD-4DED-BA45-D41A21F615BB}
	EndGlobalSection
EndGlobal
